// !$*UTF8*$!
{
	archiveVersion = 1;
	classes = {
	};
	objectVersion = 48;
	objects = {

/* Begin PBXBuildFile section */
		29AADD232092D0F000B75ABA /* AppDelegate.swift in Sources */ = {isa = PBXBuildFile; fileRef = 29AADD222092D0F000B75ABA /* AppDelegate.swift */; };
		29AADD252092D0F000B75ABA /* ViewController.swift in Sources */ = {isa = PBXBuildFile; fileRef = 29AADD242092D0F000B75ABA /* ViewController.swift */; };
		29AADD2A2092D0F000B75ABA /* Assets.xcassets in Resources */ = {isa = PBXBuildFile; fileRef = 29AADD292092D0F000B75ABA /* Assets.xcassets */; };
		29AADD2D2092D0F000B75ABA /* LaunchScreen.storyboard in Resources */ = {isa = PBXBuildFile; fileRef = 29AADD2B2092D0F000B75ABA /* LaunchScreen.storyboard */; };
		29AADD382092D0F000B75ABA /* pokedexTests.swift in Sources */ = {isa = PBXBuildFile; fileRef = 29AADD372092D0F000B75ABA /* pokedexTests.swift */; };
		29AADD432092D0F000B75ABA /* pokedexUITests.swift in Sources */ = {isa = PBXBuildFile; fileRef = 29AADD422092D0F000B75ABA /* pokedexUITests.swift */; };
		29AADD562093E05B00B75ABA /* Resnet50.mlmodel in Sources */ = {isa = PBXBuildFile; fileRef = 29AADD552093E05B00B75ABA /* Resnet50.mlmodel */; };
/* End PBXBuildFile section */

/* Begin PBXContainerItemProxy section */
		29AADD342092D0F000B75ABA /* PBXContainerItemProxy */ = {
			isa = PBXContainerItemProxy;
			containerPortal = 29AADD172092D0F000B75ABA /* Project object */;
			proxyType = 1;
			remoteGlobalIDString = 29AADD1E2092D0F000B75ABA;
			remoteInfo = pokedex;
		};
		29AADD3F2092D0F000B75ABA /* PBXContainerItemProxy */ = {
			isa = PBXContainerItemProxy;
			containerPortal = 29AADD172092D0F000B75ABA /* Project object */;
			proxyType = 1;
			remoteGlobalIDString = 29AADD1E2092D0F000B75ABA;
			remoteInfo = pokedex;
		};
/* End PBXContainerItemProxy section */

/* Begin PBXFileReference section */
		29AADD1F2092D0F000B75ABA /* pokedex.app */ = {isa = PBXFileReference; explicitFileType = wrapper.application; includeInIndex = 0; path = pokedex.app; sourceTree = BUILT_PRODUCTS_DIR; };
		29AADD222092D0F000B75ABA /* AppDelegate.swift */ = {isa = PBXFileReference; lastKnownFileType = sourcecode.swift; path = AppDelegate.swift; sourceTree = "<group>"; };
		29AADD242092D0F000B75ABA /* ViewController.swift */ = {isa = PBXFileReference; lastKnownFileType = sourcecode.swift; path = ViewController.swift; sourceTree = "<group>"; };
		29AADD292092D0F000B75ABA /* Assets.xcassets */ = {isa = PBXFileReference; lastKnownFileType = folder.assetcatalog; path = Assets.xcassets; sourceTree = "<group>"; };
		29AADD2C2092D0F000B75ABA /* Base */ = {isa = PBXFileReference; lastKnownFileType = file.storyboard; name = Base; path = Base.lproj/LaunchScreen.storyboard; sourceTree = "<group>"; };
		29AADD2E2092D0F000B75ABA /* Info.plist */ = {isa = PBXFileReference; lastKnownFileType = text.plist.xml; path = Info.plist; sourceTree = "<group>"; };
		29AADD332092D0F000B75ABA /* pokedexTests.xctest */ = {isa = PBXFileReference; explicitFileType = wrapper.cfbundle; includeInIndex = 0; path = pokedexTests.xctest; sourceTree = BUILT_PRODUCTS_DIR; };
		29AADD372092D0F000B75ABA /* pokedexTests.swift */ = {isa = PBXFileReference; lastKnownFileType = sourcecode.swift; path = pokedexTests.swift; sourceTree = "<group>"; };
		29AADD392092D0F000B75ABA /* Info.plist */ = {isa = PBXFileReference; lastKnownFileType = text.plist.xml; path = Info.plist; sourceTree = "<group>"; };
		29AADD3E2092D0F000B75ABA /* pokedexUITests.xctest */ = {isa = PBXFileReference; explicitFileType = wrapper.cfbundle; includeInIndex = 0; path = pokedexUITests.xctest; sourceTree = BUILT_PRODUCTS_DIR; };
		29AADD422092D0F000B75ABA /* pokedexUITests.swift */ = {isa = PBXFileReference; lastKnownFileType = sourcecode.swift; path = pokedexUITests.swift; sourceTree = "<group>"; };
		29AADD442092D0F000B75ABA /* Info.plist */ = {isa = PBXFileReference; lastKnownFileType = text.plist.xml; path = Info.plist; sourceTree = "<group>"; };
		29AADD542092D50F00B75ABA /* pokedex.model */ = {isa = PBXFileReference; lastKnownFileType = file; name = pokedex.model; path = "../../../../Downloads/googlechrome/cnn-keras/pokedex.model"; sourceTree = "<group>"; };
		29AADD552093E05B00B75ABA /* Resnet50.mlmodel */ = {isa = PBXFileReference; lastKnownFileType = file.mlmodel; name = Resnet50.mlmodel; path = ../../imageRecog/imageRecog/Resnet50.mlmodel; sourceTree = "<group>"; };
/* End PBXFileReference section */

/* Begin PBXFrameworksBuildPhase section */
		29AADD1C2092D0F000B75ABA /* Frameworks */ = {
			isa = PBXFrameworksBuildPhase;
			buildActionMask = 2147483647;
			files = (
			);
			runOnlyForDeploymentPostprocessing = 0;
		};
		29AADD302092D0F000B75ABA /* Frameworks */ = {
			isa = PBXFrameworksBuildPhase;
			buildActionMask = 2147483647;
			files = (
			);
			runOnlyForDeploymentPostprocessing = 0;
		};
		29AADD3B2092D0F000B75ABA /* Frameworks */ = {
			isa = PBXFrameworksBuildPhase;
			buildActionMask = 2147483647;
			files = (
			);
			runOnlyForDeploymentPostprocessing = 0;
		};
/* End PBXFrameworksBuildPhase section */

/* Begin PBXGroup section */
		29AADD162092D0F000B75ABA = {
			isa = PBXGroup;
			children = (
				29AADD212092D0F000B75ABA /* pokedex */,
				29AADD362092D0F000B75ABA /* pokedexTests */,
				29AADD412092D0F000B75ABA /* pokedexUITests */,
				29AADD202092D0F000B75ABA /* Products */,
			);
			sourceTree = "<group>";
		};
		29AADD202092D0F000B75ABA /* Products */ = {
			isa = PBXGroup;
			children = (
				29AADD1F2092D0F000B75ABA /* pokedex.app */,
				29AADD332092D0F000B75ABA /* pokedexTests.xctest */,
				29AADD3E2092D0F000B75ABA /* pokedexUITests.xctest */,
			);
			name = Products;
			sourceTree = "<group>";
		};
		29AADD212092D0F000B75ABA /* pokedex */ = {
			isa = PBXGroup;
			children = (
				29AADD542092D50F00B75ABA /* pokedex.model */,
				29AADD552093E05B00B75ABA /* Resnet50.mlmodel */,
				29AADD222092D0F000B75ABA /* AppDelegate.swift */,
				29AADD242092D0F000B75ABA /* ViewController.swift */,
				29AADD292092D0F000B75ABA /* Assets.xcassets */,
				29AADD2B2092D0F000B75ABA /* LaunchScreen.storyboard */,
				29AADD2E2092D0F000B75ABA /* Info.plist */,
			);
			path = pokedex;
			sourceTree = "<group>";
		};
		29AADD362092D0F000B75ABA /* pokedexTests */ = {
			isa = PBXGroup;
			children = (
				29AADD372092D0F000B75ABA /* pokedexTests.swift */,
				29AADD392092D0F000B75ABA /* Info.plist */,
			);
			path = pokedexTests;
			sourceTree = "<group>";
		};
		29AADD412092D0F000B75ABA /* pokedexUITests */ = {
			isa = PBXGroup;
			children = (
				29AADD422092D0F000B75ABA /* pokedexUITests.swift */,
				29AADD442092D0F000B75ABA /* Info.plist */,
			);
			path = pokedexUITests;
			sourceTree = "<group>";
		};
/* End PBXGroup section */

/* Begin PBXNativeTarget section */
		29AADD1E2092D0F000B75ABA /* pokedex */ = {
			isa = PBXNativeTarget;
			buildConfigurationList = 29AADD472092D0F000B75ABA /* Build configuration list for PBXNativeTarget "pokedex" */;
			buildPhases = (
				29AADD1B2092D0F000B75ABA /* Sources */,
				29AADD1C2092D0F000B75ABA /* Frameworks */,
				29AADD1D2092D0F000B75ABA /* Resources */,
			);
			buildRules = (
			);
			dependencies = (
			);
			name = pokedex;
			productName = pokedex;
			productReference = 29AADD1F2092D0F000B75ABA /* pokedex.app */;
			productType = "com.apple.product-type.application";
		};
		29AADD322092D0F000B75ABA /* pokedexTests */ = {
			isa = PBXNativeTarget;
			buildConfigurationList = 29AADD4A2092D0F000B75ABA /* Build configuration list for PBXNativeTarget "pokedexTests" */;
			buildPhases = (
				29AADD2F2092D0F000B75ABA /* Sources */,
				29AADD302092D0F000B75ABA /* Frameworks */,
				29AADD312092D0F000B75ABA /* Resources */,
			);
			buildRules = (
			);
			dependencies = (
				29AADD352092D0F000B75ABA /* PBXTargetDependency */,
			);
			name = pokedexTests;
			productName = pokedexTests;
			productReference = 29AADD332092D0F000B75ABA /* pokedexTests.xctest */;
			productType = "com.apple.product-type.bundle.unit-test";
		};
		29AADD3D2092D0F000B75ABA /* pokedexUITests */ = {
			isa = PBXNativeTarget;
			buildConfigurationList = 29AADD4D2092D0F000B75ABA /* Build configuration list for PBXNativeTarget "pokedexUITests" */;
			buildPhases = (
				29AADD3A2092D0F000B75ABA /* Sources */,
				29AADD3B2092D0F000B75ABA /* Frameworks */,
				29AADD3C2092D0F000B75ABA /* Resources */,
			);
			buildRules = (
			);
			dependencies = (
				29AADD402092D0F000B75ABA /* PBXTargetDependency */,
			);
			name = pokedexUITests;
			productName = pokedexUITests;
			productReference = 29AADD3E2092D0F000B75ABA /* pokedexUITests.xctest */;
			productType = "com.apple.product-type.bundle.ui-testing";
		};
/* End PBXNativeTarget section */

/* Begin PBXProject section */
		29AADD172092D0F000B75ABA /* Project object */ = {
			isa = PBXProject;
			attributes = {
				LastSwiftUpdateCheck = 0920;
				LastUpgradeCheck = 0920;
				ORGANIZATIONNAME = "xiaoqiang cao";
				TargetAttributes = {
					29AADD1E2092D0F000B75ABA = {
						CreatedOnToolsVersion = 9.2;
						ProvisioningStyle = Automatic;
					};
					29AADD322092D0F000B75ABA = {
						CreatedOnToolsVersion = 9.2;
						ProvisioningStyle = Automatic;
						TestTargetID = 29AADD1E2092D0F000B75ABA;
					};
					29AADD3D2092D0F000B75ABA = {
						CreatedOnToolsVersion = 9.2;
						ProvisioningStyle = Automatic;
						TestTargetID = 29AADD1E2092D0F000B75ABA;
					};
				};
			};
			buildConfigurationList = 29AADD1A2092D0F000B75ABA /* Build configuration list for PBXProject "pokedex" */;
			compatibilityVersion = "Xcode 8.0";
			developmentRegion = en;
			hasScannedForEncodings = 0;
			knownRegions = (
				en,
				Base,
			);
			mainGroup = 29AADD162092D0F000B75ABA;
			productRefGroup = 29AADD202092D0F000B75ABA /* Products */;
			projectDirPath = "";
			projectRoot = "";
			targets = (
				29AADD1E2092D0F000B75ABA /* pokedex */,
				29AADD322092D0F000B75ABA /* pokedexTests */,
				29AADD3D2092D0F000B75ABA /* pokedexUITests */,
			);
		};
/* End PBXProject section */

/* Begin PBXResourcesBuildPhase section */
		29AADD1D2092D0F000B75ABA /* Resources */ = {
			isa = PBXResourcesBuildPhase;
			buildActionMask = 2147483647;
			files = (
				29AADD2D2092D0F000B75ABA /* LaunchScreen.storyboard in Resources */,
				29AADD2A2092D0F000B75ABA /* Assets.xcassets in Resources */,
			);
			runOnlyForDeploymentPostprocessing = 0;
		};
		29AADD312092D0F000B75ABA /* Resources */ = {
			isa = PBXResourcesBuildPhase;
			buildActionMask = 2147483647;
			files = (
			);
			runOnlyForDeploymentPostprocessing = 0;
		};
		29AADD3C2092D0F000B75ABA /* Resources */ = {
			isa = PBXResourcesBuildPhase;
			buildActionMask = 2147483647;
			files = (
			);
			runOnlyForDeploymentPostprocessing = 0;
		};
/* End PBXResourcesBuildPhase section */

/* Begin PBXSourcesBuildPhase section */
		29AADD1B2092D0F000B75ABA /* Sources */ = {
			isa = PBXSourcesBuildPhase;
			buildActionMask = 2147483647;
			files = (
				29AADD252092D0F000B75ABA /* ViewController.swift in Sources */,
				29AADD562093E05B00B75ABA /* Resnet50.mlmodel in Sources */,
				29AADD232092D0F000B75ABA /* AppDelegate.swift in Sources */,
			);
			runOnlyForDeploymentPostprocessing = 0;
		};
		29AADD2F2092D0F000B75ABA /* Sources */ = {
			isa = PBXSourcesBuildPhase;
			buildActionMask = 2147483647;
			files = (
				29AADD382092D0F000B75ABA /* pokedexTests.swift in Sources */,
			);
			runOnlyForDeploymentPostprocessing = 0;
		};
		29AADD3A2092D0F000B75ABA /* Sources */ = {
			isa = PBXSourcesBuildPhase;
			buildActionMask = 2147483647;
			files = (
				29AADD432092D0F000B75ABA /* pokedexUITests.swift in Sources */,
			);
			runOnlyForDeploymentPostprocessing = 0;
		};
/* End PBXSourcesBuildPhase section */

/* Begin PBXTargetDependency section */
		29AADD352092D0F000B75ABA /* PBXTargetDependency */ = {
			isa = PBXTargetDependency;
			target = 29AADD1E2092D0F000B75ABA /* pokedex */;
			targetProxy = 29AADD342092D0F000B75ABA /* PBXContainerItemProxy */;
		};
		29AADD402092D0F000B75ABA /* PBXTargetDependency */ = {
			isa = PBXTargetDependency;
			target = 29AADD1E2092D0F000B75ABA /* pokedex */;
			targetProxy = 29AADD3F2092D0F000B75ABA /* PBXContainerItemProxy */;
		};
/* End PBXTargetDependency section */

/* Begin PBXVariantGroup section */
		29AADD2B2092D0F000B75ABA /* LaunchScreen.storyboard */ = {
			isa = PBXVariantGroup;
			children = (
				29AADD2C2092D0F000B75ABA /* Base */,
			);
			name = LaunchScreen.storyboard;
			sourceTree = "<group>";
		};
/* End PBXVariantGroup section */

/* Begin XCBuildConfiguration section */
		29AADD452092D0F000B75ABA /* Debug */ = {
			isa = XCBuildConfiguration;
			buildSettings = {
				ALWAYS_SEARCH_USER_PATHS = NO;
				CLANG_ANALYZER_NONNULL = YES;
				CLANG_ANALYZER_NUMBER_OBJECT_CONVERSION = YES_AGGRESSIVE;
				CLANG_CXX_LANGUAGE_STANDARD = "gnu++14";
				CLANG_CXX_LIBRARY = "libc++";
				CLANG_ENABLE_MODULES = YES;
				CLANG_ENABLE_OBJC_ARC = YES;
				CLANG_WARN_BLOCK_CAPTURE_AUTORELEASING = YES;
				CLANG_WARN_BOOL_CONVERSION = YES;
				CLANG_WARN_COMMA = YES;
				CLANG_WARN_CONSTANT_CONVERSION = YES;
				CLANG_WARN_DIRECT_OBJC_ISA_USAGE = YES_ERROR;
				CLANG_WARN_DOCUMENTATION_COMMENTS = YES;
				CLANG_WARN_EMPTY_BODY = YES;
				CLANG_WARN_ENUM_CONVERSION = YES;
				CLANG_WARN_INFINITE_RECURSION = YES;
				CLANG_WARN_INT_CONVERSION = YES;
				CLANG_WARN_NON_LITERAL_NULL_CONVERSION = YES;
				CLANG_WARN_OBJC_LITERAL_CONVERSION = YES;
				CLANG_WARN_OBJC_ROOT_CLASS = YES_ERROR;
				CLANG_WARN_RANGE_LOOP_ANALYSIS = YES;
				CLANG_WARN_STRICT_PROTOTYPES = YES;
				CLANG_WARN_SUSPICIOUS_MOVE = YES;
				CLANG_WARN_UNGUARDED_AVAILABILITY = YES_AGGRESSIVE;
				CLANG_WARN_UNREACHABLE_CODE = YES;
				CLANG_WARN__DUPLICATE_METHOD_MATCH = YES;
				CODE_SIGN_IDENTITY = "iPhone Developer";
				COPY_PHASE_STRIP = NO;
				DEBUG_INFORMATION_FORMAT = dwarf;
				ENABLE_STRICT_OBJC_MSGSEND = YES;
				ENABLE_TESTABILITY = YES;
				GCC_C_LANGUAGE_STANDARD = gnu11;
				GCC_DYNAMIC_NO_PIC = NO;
				GCC_NO_COMMON_BLOCKS = YES;
				GCC_OPTIMIZATION_LEVEL = 0;
				GCC_PREPROCESSOR_DEFINITIONS = (
					"DEBUG=1",
					"$(inherited)",
				);
				GCC_WARN_64_TO_32_BIT_CONVERSION = YES;
				GCC_WARN_ABOUT_RETURN_TYPE = YES_ERROR;
				GCC_WARN_UNDECLARED_SELECTOR = YES;
				GCC_WARN_UNINITIALIZED_AUTOS = YES_AGGRESSIVE;
				GCC_WARN_UNUSED_FUNCTION = YES;
				GCC_WARN_UNUSED_VARIABLE = YES;
				IPHONEOS_DEPLOYMENT_TARGET = 11.2;
				MTL_ENABLE_DEBUG_INFO = YES;
				ONLY_ACTIVE_ARCH = YES;
				SDKROOT = iphoneos;
				SWIFT_ACTIVE_COMPILATION_CONDITIONS = DEBUG;
				SWIFT_OPTIMIZATION_LEVEL = "-Onone";
			};
			name = Debug;
		};
		29AADD462092D0F000B75ABA /* Release */ = {
			isa = XCBuildConfiguration;
			buildSettings = {
				ALWAYS_SEARCH_USER_PATHS = NO;
				CLANG_ANALYZER_NONNULL = YES;
				CLANG_ANALYZER_NUMBER_OBJECT_CONVERSION = YES_AGGRESSIVE;
				CLANG_CXX_LANGUAGE_STANDARD = "gnu++14";
				CLANG_CXX_LIBRARY = "libc++";
				CLANG_ENABLE_MODULES = YES;
				CLANG_ENABLE_OBJC_ARC = YES;
				CLANG_WARN_BLOCK_CAPTURE_AUTORELEASING = YES;
				CLANG_WARN_BOOL_CONVERSION = YES;
				CLANG_WARN_COMMA = YES;
				CLANG_WARN_CONSTANT_CONVERSION = YES;
				CLANG_WARN_DIRECT_OBJC_ISA_USAGE = YES_ERROR;
				CLANG_WARN_DOCUMENTATION_COMMENTS = YES;
				CLANG_WARN_EMPTY_BODY = YES;
				CLANG_WARN_ENUM_CONVERSION = YES;
				CLANG_WARN_INFINITE_RECURSION = YES;
				CLANG_WARN_INT_CONVERSION = YES;
				CLANG_WARN_NON_LITERAL_NULL_CONVERSION = YES;
				CLANG_WARN_OBJC_LITERAL_CONVERSION = YES;
				CLANG_WARN_OBJC_ROOT_CLASS = YES_ERROR;
				CLANG_WARN_RANGE_LOOP_ANALYSIS = YES;
				CLANG_WARN_STRICT_PROTOTYPES = YES;
				CLANG_WARN_SUSPICIOUS_MOVE = YES;
				CLANG_WARN_UNGUARDED_AVAILABILITY = YES_AGGRESSIVE;
				CLANG_WARN_UNREACHABLE_CODE = YES;
				CLANG_WARN__DUPLICATE_METHOD_MATCH = YES;
				CODE_SIGN_IDENTITY = "iPhone Developer";
				COPY_PHASE_STRIP = NO;
				DEBUG_INFORMATION_FORMAT = "dwarf-with-dsym";
				ENABLE_NS_ASSERTIONS = NO;
				ENABLE_STRICT_OBJC_MSGSEND = YES;
				GCC_C_LANGUAGE_STANDARD = gnu11;
				GCC_NO_COMMON_BLOCKS = YES;
				GCC_WARN_64_TO_32_BIT_CONVERSION = YES;
				GCC_WARN_ABOUT_RETURN_TYPE = YES_ERROR;
				GCC_WARN_UNDECLARED_SELECTOR = YES;
				GCC_WARN_UNINITIALIZED_AUTOS = YES_AGGRESSIVE;
				GCC_WARN_UNUSED_FUNCTION = YES;
				GCC_WARN_UNUSED_VARIABLE = YES;
				IPHONEOS_DEPLOYMENT_TARGET = 11.2;
				MTL_ENABLE_DEBUG_INFO = NO;
				SDKROOT = iphoneos;
				SWIFT_OPTIMIZATION_LEVEL = "-Owholemodule";
				VALIDATE_PRODUCT = YES;
			};
			name = Release;
		};
		29AADD482092D0F000B75ABA /* Debug */ = {
			isa = XCBuildConfiguration;
			buildSettings = {
				ASSETCATALOG_COMPILER_APPICON_NAME = AppIcon;
				"CODE_SIGN_IDENTITY[sdk=iphoneos*]" = "iPhone Developer";
				CODE_SIGN_STYLE = Automatic;
				DEVELOPMENT_TEAM = SN3Y3D8Y74;
				INFOPLIST_FILE = pokedex/Info.plist;
				LD_RUNPATH_SEARCH_PATHS = "$(inherited) @executable_path/Frameworks";
				PRODUCT_BUNDLE_IDENTIFIER = com.hello.xiao.pokedex;
				PRODUCT_NAME = "$(TARGET_NAME)";
				PROVISIONING_PROFILE_SPECIFIER = "";
				SWIFT_VERSION = 4.0;
				TARGETED_DEVICE_FAMILY = 1;
			};
			name = Debug;
		};
		29AADD492092D0F000B75ABA /* Release */ = {
			isa = XCBuildConfiguration;
			buildSettings = {
				ASSETCATALOG_COMPILER_APPICON_NAME = AppIcon;
				"CODE_SIGN_IDENTITY[sdk=iphoneos*]" = "iPhone Developer";
				CODE_SIGN_STYLE = Automatic;
				DEVELOPMENT_TEAM = SN3Y3D8Y74;
				INFOPLIST_FILE = pokedex/Info.plist;
				LD_RUNPATH_SEARCH_PATHS = "$(inherited) @executable_path/Frameworks";
				PRODUCT_BUNDLE_IDENTIFIER = com.hello.xiao.pokedex;
				PRODUCT_NAME = "$(TARGET_NAME)";
				PROVISIONING_PROFILE_SPECIFIER = "";
				SWIFT_VERSION = 4.0;
				TARGETED_DEVICE_FAMILY = 1;
			};
			name = Release;
		};
		29AADD4B2092D0F000B75ABA /* Debug */ = {
			isa = XCBuildConfiguration;
			buildSettings = {
				ALWAYS_EMBED_SWIFT_STANDARD_LIBRARIES = YES;
				BUNDLE_LOADER = "$(TEST_HOST)";
				CODE_SIGN_STYLE = Automatic;
				INFOPLIST_FILE = pokedexTests/Info.plist;
				LD_RUNPATH_SEARCH_PATHS = "$(inherited) @executable_path/Frameworks @loader_path/Frameworks";
				PRODUCT_BUNDLE_IDENTIFIER = com.hello.xiao.pokedexTests;
				PRODUCT_NAME = "$(TARGET_NAME)";
				SWIFT_VERSION = 4.0;
				TARGETED_DEVICE_FAMILY = "1,2";
				TEST_HOST = "$(BUILT_PRODUCTS_DIR)/pokedex.app/pokedex";
			};
			name = Debug;
		};
		29AADD4C2092D0F000B75ABA /* Release */ = {
			isa = XCBuildConfiguration;
			buildSettings = {
				ALWAYS_EMBED_SWIFT_STANDARD_LIBRARIES = YES;
				BUNDLE_LOADER = "$(TEST_HOST)";
				CODE_SIGN_STYLE = Automatic;
				INFOPLIST_FILE = pokedexTests/Info.plist;
				LD_RUNPATH_SEARCH_PATHS = "$(inherited) @executable_path/Frameworks @loader_path/Frameworks";
				PRODUCT_BUNDLE_IDENTIFIER = com.hello.xiao.pokedexTests;
				PRODUCT_NAME = "$(TARGET_NAME)";
				SWIFT_VERSION = 4.0;
				TARGETED_DEVICE_FAMILY = "1,2";
				TEST_HOST = "$(BUILT_PRODUCTS_DIR)/pokedex.app/pokedex";
			};
			name = Release;
		};
		29AADD4E2092D0F000B75ABA /* Debug */ = {
			isa = XCBuildConfiguration;
			buildSettings = {
				ALWAYS_EMBED_SWIFT_STANDARD_LIBRARIES = YES;
				CODE_SIGN_STYLE = Automatic;
				INFOPLIST_FILE = pokedexUITests/Info.plist;
				LD_RUNPATH_SEARCH_PATHS = "$(inherited) @executable_path/Frameworks @loader_path/Frameworks";
				PRODUCT_BUNDLE_IDENTIFIER = com.hello.xiao.pokedexUITests;
				PRODUCT_NAME = "$(TARGET_NAME)";
				SWIFT_VERSION = 4.0;
				TARGETED_DEVICE_FAMILY = "1,2";
				TEST_TARGET_NAME = pokedex;
			};
			name = Debug;
		};
		29AADD4F2092D0F000B75ABA /* Release */ = {
			isa = XCBuildConfiguration;
			buildSettings = {
				ALWAYS_EMBED_SWIFT_STANDARD_LIBRARIES = YES;
				CODE_SIGN_STYLE = Automatic;
				INFOPLIST_FILE = pokedexUITests/Info.plist;
				LD_RUNPATH_SEARCH_PATHS = "$(inherited) @executable_path/Frameworks @loader_path/Frameworks";
				PRODUCT_BUNDLE_IDENTIFIER = com.hello.xiao.pokedexUITests;
				PRODUCT_NAME = "$(TARGET_NAME)";
				SWIFT_VERSION = 4.0;
				TARGETED_DEVICE_FAMILY = "1,2";
				TEST_TARGET_NAME = pokedex;
			};
			name = Release;
		};
/* End XCBuildConfiguration section */

/* Begin XCConfigurationList section */
		29AADD1A2092D0F000B75ABA /* Build configuration list for PBXProject "pokedex" */ = {
			isa = XCConfigurationList;
			buildConfigurations = (
				29AADD452092D0F000B75ABA /* Debug */,
				29AADD462092D0F000B75ABA /* Release */,
			);
			defaultConfigurationIsVisible = 0;
			defaultConfigurationName = Release;
		};
		29AADD472092D0F000B75ABA /* Build configuration list for PBXNativeTarget "pokedex" */ = {
			isa = XCConfigurationList;
			buildConfigurations = (
				29AADD482092D0F000B75ABA /* Debug */,
				29AADD492092D0F000B75ABA /* Release */,
			);
			defaultConfigurationIsVisible = 0;
			defaultConfigurationName = Release;
		};
		29AADD4A2092D0F000B75ABA /* Build configuration list for PBXNativeTarget "pokedexTests" */ = {
			isa = XCConfigurationList;
			buildConfigurations = (
				29AADD4B2092D0F000B75ABA /* Debug */,
				29AADD4C2092D0F000B75ABA /* Release */,
			);
			defaultConfigurationIsVisible = 0;
			defaultConfigurationName = Release;
		};
		29AADD4D2092D0F000B75ABA /* Build configuration list for PBXNativeTarget "pokedexUITests" */ = {
			isa = XCConfigurationList;
			buildConfigurations = (
				29AADD4E2092D0F000B75ABA /* Debug */,
				29AADD4F2092D0F000B75ABA /* Release */,
			);
			defaultConfigurationIsVisible = 0;
			defaultConfigurationName = Release;
		};
/* End XCConfigurationList section */
	};
	rootObject = 29AADD172092D0F000B75ABA /* Project object */;
}
